{
  "name": "tochat",
  "version": "0.1.0",
  "lockfileVersion": 3,
  "requires": true,
  "packages": {
    "": {
      "name": "tochat",
      "version": "0.1.0",
      "dependencies": {
        "jsqr": "1.4.0",
        "koffi": "2.14.1",
        "qrcode-generator": "1.4.4"
      },
      "engines": {
        "node": ">=22.13"
      }
    },
    "node_modules/jsqr": {
      "version": "1.4.0",
      "resolved": "https://registry.npmjs.org/jsqr/-/jsqr-1.4.0.tgz",
      "integrity": "sha512-dxLob7q65Xg2DvstYkRpkYtmKm2sPJ9oFhrhmudT1dZvNFFTlroai3AWSpLey/w5vMcLBXRgOJsbXpdN9HzU/A==",
      "license": "Apache-2.0"
    },
    "node_modules/koffi": {
      "version": "2.14.1",
      "resolved": "https://registry.npmjs.org/koffi/-/koffi-2.14.1.tgz",
      "integrity": "sha512-IMFL3IbRDXacSIjs7pPbPxgNlJ2hUtawQXU2QPdr6iw38jmv5AesAUG8HPX00xl0PPA2BbEa3noTw1YdHY+gHg==",
      "hasInstallScript": true,
      "license": "MIT",
      "funding": {
        "url": "https://buymeacoffee.com/koromix"
      }
    },
    "node_modules/qrcode-generator": {
      "version": "1.4.4",
      "resolved": "https://registry.npmjs.org/qrcode-generator/-/qrcode-generator-1.4.4.tgz",
      "integrity": "sha512-HM7yY8O2ilqhmULxGMpcHSF1EhJJ9yBj8gvDEuZ6M+KGJ0YY2hKpnXvRD+hZPLrDVck3ExIGhmPtSdcjC+guuw==",
      "license": "MIT"
    }
  }
}
